PODS:
  - camera_macos (0.0.1):
    - FlutterMacOS
  - face_detection_tflite (0.0.1):
    - FlutterMacOS
  - flutter_avif_macos (0.0.1):
    - FlutterMacOS
  - FlutterMacOS (1.0.0)
  - media_kit_video (0.0.1):
    - FlutterMacOS
  - pose_detection_tflite (0.0.1):
    - FlutterMacOS
  - screen_retriever_macos (0.0.1):
    - FlutterMacOS
  - tflite_flutter_custom (0.0.1):
    - FlutterMacOS

DEPENDENCIES:
  - camera_macos (from `Flutter/ephemeral/.symlinks/plugins/camera_macos/macos`)
  - face_detection_tflite (from `Flutter/ephemeral/.symlinks/plugins/face_detection_tflite/macos`)
  - flutter_avif_macos (from `Flutter/ephemeral/.symlinks/plugins/flutter_avif_macos/macos`)
  - FlutterMacOS (from `Flutter/ephemeral`)
  - media_kit_video (from `Flutter/ephemeral/.symlinks/plugins/media_kit_video/macos`)
  - pose_detection_tflite (from `Flutter/ephemeral/.symlinks/plugins/pose_detection_tflite/macos`)
  - screen_retriever_macos (from `Flutter/ephemeral/.symlinks/plugins/screen_retriever_macos/macos`)
  - tflite_flutter_custom (from `Flutter/ephemeral/.symlinks/plugins/tflite_flutter_custom/macos`)

EXTERNAL SOURCES:
  camera_macos:
    :path: Flutter/ephemeral/.symlinks/plugins/camera_macos/macos
  face_detection_tflite:
    :path: Flutter/ephemeral/.symlinks/plugins/face_detection_tflite/macos
  flutter_avif_macos:
    :path: Flutter/ephemeral/.symlinks/plugins/flutter_avif_macos/macos
  FlutterMacOS:
    :path: Flutter/ephemeral
  media_kit_video:
    :path: Flutter/ephemeral/.symlinks/plugins/media_kit_video/macos
  pose_detection_tflite:
    :path: Flutter/ephemeral/.symlinks/plugins/pose_detection_tflite/macos
  screen_retriever_macos:
    :path: Flutter/ephemeral/.symlinks/plugins/screen_retriever_macos/macos
  tflite_flutter_custom:
    :path: Flutter/ephemeral/.symlinks/plugins/tflite_flutter_custom/macos

SPEC CHECKSUMS:
  camera_macos: 9fd766915a6c236c8b3fd902f7ccd215636cd07a
  face_detection_tflite: 2e848ccb3ee51fbd993a2dadd9f2d916478a5ab6
  flutter_avif_macos: 9ed61d67adfbd6964eccb59971020fb55c31fc11
  FlutterMacOS: d0db08ddef1a9af05a5ec4b724367152bb0500b1
  media_kit_video: 28d7d27611c7769a2464eb7621c37386a61dcc9a
  pose_detection_tflite: ba15fe2cb6f0111f7a79019f14d090ce9844855e
  screen_retriever_macos: 452e51764a9e1cdb74b3c541238795849f21557f
  tflite_flutter_custom: 4d6a173c30b77994bcd611da5e0713fcad622125

PODFILE CHECKSUM: 0af13ea7a15fad8c02a495a737daafd743f372ad

COCOAPODS: 1.16.2
