PODS:
  - flutter_avif_macos (0.0.1):
    - FlutterMacOS
  - FlutterMacOS (1.0.0)
  - media_kit_video (0.0.1):
    - FlutterMacOS

DEPENDENCIES:
  - flutter_avif_macos (from `Flutter/ephemeral/.symlinks/plugins/flutter_avif_macos/macos`)
  - FlutterMacOS (from `Flutter/ephemeral`)
  - media_kit_video (from `Flutter/ephemeral/.symlinks/plugins/media_kit_video/macos`)

EXTERNAL SOURCES:
  flutter_avif_macos:
    :path: Flutter/ephemeral/.symlinks/plugins/flutter_avif_macos/macos
  FlutterMacOS:
    :path: Flutter/ephemeral
  media_kit_video:
    :path: Flutter/ephemeral/.symlinks/plugins/media_kit_video/macos

SPEC CHECKSUMS:
  flutter_avif_macos: 9ed61d67adfbd6964eccb59971020fb55c31fc11
  FlutterMacOS: d0db08ddef1a9af05a5ec4b724367152bb0500b1
  media_kit_video: 28d7d27611c7769a2464eb7621c37386a61dcc9a

PODFILE CHECKSUM: 8e390a9d41eed6b011660abca049ba82007b330e

COCOAPODS: 1.16.2
