PODS:
  - apple_vision_face (0.0.4):
    - Flutter
    - FlutterMacOS
  - async_zip (0.0.1):
    - Flutter
  - camera_avfoundation (0.0.1):
    - Flutter
  - device_info_plus (0.0.1):
    - Flutter
  - DKImagePickerController/Core (4.3.9):
    - DKImagePickerController/ImageDataManager
    - DKImagePickerController/Resource
  - DKImagePickerController/ImageDataManager (4.3.9)
  - DKImagePickerController/PhotoGallery (4.3.9):
    - DKImagePickerController/Core
    - DKPhotoGallery
  - DKImagePickerController/Resource (4.3.9)
  - DKPhotoGallery (0.0.19):
    - DKPhotoGallery/Core (= 0.0.19)
    - DKPhotoGallery/Model (= 0.0.19)
    - DKPhotoGallery/Preview (= 0.0.19)
    - DKPhotoGallery/Resource (= 0.0.19)
    - SDWebImage
    - SwiftyGif
  - DKPhotoGallery/Core (0.0.19):
    - DKPhotoGallery/Model
    - DKPhotoGallery/Preview
    - SDWebImage
    - SwiftyGif
  - DKPhotoGallery/Model (0.0.19):
    - SDWebImage
    - SwiftyGif
  - DKPhotoGallery/Preview (0.0.19):
    - DKPhotoGallery/Model
    - DKPhotoGallery/Resource
    - SDWebImage
    - SwiftyGif
  - DKPhotoGallery/Resource (0.0.19):
    - SDWebImage
    - SwiftyGif
  - ffmpeg_kit_flutter_new (1.0.0):
    - ffmpeg_kit_flutter_new/full-gpl (= 1.0.0)
    - Flutter
  - ffmpeg_kit_flutter_new/full-gpl (1.0.0):
    - Flutter
  - file_picker (0.0.1):
    - DKImagePickerController/PhotoGallery
    - Flutter
  - file_selector_ios (0.0.1):
    - Flutter
  - Flutter (1.0.0)
  - flutter_email_sender (0.0.1):
    - Flutter
  - flutter_local_notifications (0.0.1):
    - Flutter
  - flutter_native_splash (2.4.3):
    - Flutter
  - flutter_timezone (0.0.1):
    - Flutter
  - google_mlkit_commons (0.11.0):
    - Flutter
    - MLKitVision
  - google_mlkit_face_detection (0.13.1):
    - Flutter
    - google_mlkit_commons
    - GoogleMLKit/FaceDetection (~> 7.0.0)
  - google_mlkit_pose_detection (0.14.0):
    - Flutter
    - google_mlkit_commons
    - GoogleMLKit/PoseDetection (~> 7.0.0)
    - GoogleMLKit/PoseDetectionAccurate (~> 7.0.0)
  - GoogleDataTransport (10.1.0):
    - nanopb (~> 3.30910.0)
    - PromisesObjC (~> 2.4)
  - GoogleMLKit/FaceDetection (7.0.0):
    - GoogleMLKit/MLKitCore
    - MLKitFaceDetection (~> 6.0.0)
  - GoogleMLKit/MLKitCore (7.0.0):
    - MLKitCommon (~> 12.0.0)
  - GoogleMLKit/PoseDetection (7.0.0):
    - GoogleMLKit/MLKitCore
    - MLKitPoseDetection (~> 1.0.0-beta14)
  - GoogleMLKit/PoseDetectionAccurate (7.0.0):
    - GoogleMLKit/MLKitCore
    - MLKitPoseDetectionAccurate (~> 1.0.0-beta14)
  - GoogleToolboxForMac/Defines (4.2.1)
  - GoogleToolboxForMac/Logger (4.2.1):
    - GoogleToolboxForMac/Defines (= 4.2.1)
  - "GoogleToolboxForMac/NSData+zlib (4.2.1)":
    - GoogleToolboxForMac/Defines (= 4.2.1)
  - GoogleUtilities/Environment (8.1.0):
    - GoogleUtilities/Privacy
  - GoogleUtilities/Logger (8.1.0):
    - GoogleUtilities/Environment
    - GoogleUtilities/Privacy
  - GoogleUtilities/Privacy (8.1.0)
  - GoogleUtilities/UserDefaults (8.1.0):
    - GoogleUtilities/Logger
    - GoogleUtilities/Privacy
  - GTMSessionFetcher/Core (3.5.0)
  - heif_converter (1.0.0):
    - Flutter
  - image_picker_ios (0.0.1):
    - Flutter
  - MLImage (1.0.0-beta6)
  - MLKitCommon (12.0.0):
    - GoogleDataTransport (~> 10.0)
    - GoogleToolboxForMac/Logger (< 5.0, >= 4.2.1)
    - "GoogleToolboxForMac/NSData+zlib (< 5.0, >= 4.2.1)"
    - GoogleUtilities/Logger (~> 8.0)
    - GoogleUtilities/UserDefaults (~> 8.0)
    - GTMSessionFetcher/Core (< 4.0, >= 3.3.2)
  - MLKitFaceDetection (6.0.0):
    - MLKitCommon (~> 12.0)
    - MLKitVision (~> 8.0)
  - MLKitPoseDetection (1.0.0-beta14):
    - MLKitCommon (~> 12.0)
    - MLKitPoseDetectionCommon (= 1.0.0-beta14)
    - MLKitXenoCommon (= 1.0.0-beta14)
  - MLKitPoseDetectionAccurate (1.0.0-beta14):
    - MLKitCommon (~> 12.0)
    - MLKitPoseDetectionCommon (= 1.0.0-beta14)
    - MLKitXenoCommon (= 1.0.0-beta14)
  - MLKitPoseDetectionCommon (1.0.0-beta14):
    - MLKitCommon (~> 12.0)
    - MLKitXenoCommon (= 1.0.0-beta14)
  - MLKitVision (8.0.0):
    - GoogleToolboxForMac/Logger (< 5.0, >= 4.2.1)
    - "GoogleToolboxForMac/NSData+zlib (< 5.0, >= 4.2.1)"
    - GTMSessionFetcher/Core (< 4.0, >= 3.3.2)
    - MLImage (= 1.0.0-beta6)
    - MLKitCommon (~> 12.0)
  - MLKitXenoCommon (1.0.0-beta14):
    - MLKitCommon (~> 12.0)
    - MLKitVision (~> 8.0)
  - nanopb (3.30910.0):
    - nanopb/decode (= 3.30910.0)
    - nanopb/encode (= 3.30910.0)
  - nanopb/decode (3.30910.0)
  - nanopb/encode (3.30910.0)
  - package_info_plus (0.4.5):
    - Flutter
  - path_provider_foundation (0.0.1):
    - Flutter
    - FlutterMacOS
  - permission_handler_apple (9.3.0):
    - Flutter
  - photo_manager (2.0.0):
    - Flutter
    - FlutterMacOS
  - PromisesObjC (2.4.0)
  - saver_gallery (0.0.1):
    - Flutter
  - SDWebImage (5.21.2):
    - SDWebImage/Core (= 5.21.2)
  - SDWebImage/Core (5.21.2)
  - sensors_plus (0.0.1):
    - Flutter
  - share_plus (0.0.1):
    - Flutter
  - sqflite_darwin (0.0.4):
    - Flutter
    - FlutterMacOS
  - SwiftyGif (5.4.5)
  - TensorFlowLiteC (2.12.0):
    - TensorFlowLiteC/Core (= 2.12.0)
  - TensorFlowLiteC/Core (2.12.0)
  - TensorFlowLiteC/CoreML (2.12.0):
    - TensorFlowLiteC/Core
  - TensorFlowLiteC/Metal (2.12.0):
    - TensorFlowLiteC/Core
  - TensorFlowLiteSwift (2.12.0):
    - TensorFlowLiteSwift/Core (= 2.12.0)
  - TensorFlowLiteSwift/Core (2.12.0):
    - TensorFlowLiteC (= 2.12.0)
  - TensorFlowLiteSwift/CoreML (2.12.0):
    - TensorFlowLiteC/CoreML (= 2.12.0)
    - TensorFlowLiteSwift/Core (= 2.12.0)
  - TensorFlowLiteSwift/Metal (2.12.0):
    - TensorFlowLiteC/Metal (= 2.12.0)
    - TensorFlowLiteSwift/Core (= 2.12.0)
  - tflite_flutter (0.0.1):
    - Flutter
    - TensorFlowLiteSwift (= 2.12.0)
    - TensorFlowLiteSwift/CoreML (= 2.12.0)
    - TensorFlowLiteSwift/Metal (= 2.12.0)
  - url_launcher_ios (0.0.1):
    - Flutter
  - vibration (3.0.0):
    - Flutter
  - video_player_avfoundation (0.0.1):
    - Flutter
    - FlutterMacOS
  - wakelock_plus (0.0.1):
    - Flutter

DEPENDENCIES:
  - apple_vision_face (from `.symlinks/plugins/apple_vision_face/darwin`)
  - async_zip (from `.symlinks/plugins/async_zip/ios`)
  - camera_avfoundation (from `.symlinks/plugins/camera_avfoundation/ios`)
  - device_info_plus (from `.symlinks/plugins/device_info_plus/ios`)
  - ffmpeg_kit_flutter_new (from `.symlinks/plugins/ffmpeg_kit_flutter_new/ios`)
  - file_picker (from `.symlinks/plugins/file_picker/ios`)
  - file_selector_ios (from `.symlinks/plugins/file_selector_ios/ios`)
  - Flutter (from `Flutter`)
  - flutter_email_sender (from `.symlinks/plugins/flutter_email_sender/ios`)
  - flutter_local_notifications (from `.symlinks/plugins/flutter_local_notifications/ios`)
  - flutter_native_splash (from `.symlinks/plugins/flutter_native_splash/ios`)
  - flutter_timezone (from `.symlinks/plugins/flutter_timezone/ios`)
  - google_mlkit_commons (from `.symlinks/plugins/google_mlkit_commons/ios`)
  - google_mlkit_face_detection (from `.symlinks/plugins/google_mlkit_face_detection/ios`)
  - google_mlkit_pose_detection (from `.symlinks/plugins/google_mlkit_pose_detection/ios`)
  - heif_converter (from `.symlinks/plugins/heif_converter/ios`)
  - image_picker_ios (from `.symlinks/plugins/image_picker_ios/ios`)
  - package_info_plus (from `.symlinks/plugins/package_info_plus/ios`)
  - path_provider_foundation (from `.symlinks/plugins/path_provider_foundation/darwin`)
  - permission_handler_apple (from `.symlinks/plugins/permission_handler_apple/ios`)
  - photo_manager (from `.symlinks/plugins/photo_manager/ios`)
  - saver_gallery (from `.symlinks/plugins/saver_gallery/ios`)
  - sensors_plus (from `.symlinks/plugins/sensors_plus/ios`)
  - share_plus (from `.symlinks/plugins/share_plus/ios`)
  - sqflite_darwin (from `.symlinks/plugins/sqflite_darwin/darwin`)
  - tflite_flutter (from `.symlinks/plugins/tflite_flutter/ios`)
  - url_launcher_ios (from `.symlinks/plugins/url_launcher_ios/ios`)
  - vibration (from `.symlinks/plugins/vibration/ios`)
  - video_player_avfoundation (from `.symlinks/plugins/video_player_avfoundation/darwin`)
  - wakelock_plus (from `.symlinks/plugins/wakelock_plus/ios`)

SPEC REPOS:
  https://github.com/CocoaPods/Specs.git:
    - DKImagePickerController
    - DKPhotoGallery
    - GoogleDataTransport
    - GoogleMLKit
    - GoogleToolboxForMac
    - GTMSessionFetcher
    - MLImage
    - MLKitFaceDetection
    - MLKitPoseDetection
    - MLKitPoseDetectionAccurate
    - MLKitPoseDetectionCommon
    - MLKitXenoCommon
    - nanopb
    - PromisesObjC
    - SwiftyGif
    - TensorFlowLiteC
    - TensorFlowLiteSwift
  trunk:
    - GoogleUtilities
    - MLKitCommon
    - MLKitVision
    - SDWebImage

EXTERNAL SOURCES:
  apple_vision_face:
    :path: ".symlinks/plugins/apple_vision_face/darwin"
  async_zip:
    :path: ".symlinks/plugins/async_zip/ios"
  camera_avfoundation:
    :path: ".symlinks/plugins/camera_avfoundation/ios"
  device_info_plus:
    :path: ".symlinks/plugins/device_info_plus/ios"
  ffmpeg_kit_flutter_new:
    :path: ".symlinks/plugins/ffmpeg_kit_flutter_new/ios"
  file_picker:
    :path: ".symlinks/plugins/file_picker/ios"
  file_selector_ios:
    :path: ".symlinks/plugins/file_selector_ios/ios"
  Flutter:
    :path: Flutter
  flutter_email_sender:
    :path: ".symlinks/plugins/flutter_email_sender/ios"
  flutter_local_notifications:
    :path: ".symlinks/plugins/flutter_local_notifications/ios"
  flutter_native_splash:
    :path: ".symlinks/plugins/flutter_native_splash/ios"
  flutter_timezone:
    :path: ".symlinks/plugins/flutter_timezone/ios"
  google_mlkit_commons:
    :path: ".symlinks/plugins/google_mlkit_commons/ios"
  google_mlkit_face_detection:
    :path: ".symlinks/plugins/google_mlkit_face_detection/ios"
  google_mlkit_pose_detection:
    :path: ".symlinks/plugins/google_mlkit_pose_detection/ios"
  heif_converter:
    :path: ".symlinks/plugins/heif_converter/ios"
  image_picker_ios:
    :path: ".symlinks/plugins/image_picker_ios/ios"
  package_info_plus:
    :path: ".symlinks/plugins/package_info_plus/ios"
  path_provider_foundation:
    :path: ".symlinks/plugins/path_provider_foundation/darwin"
  permission_handler_apple:
    :path: ".symlinks/plugins/permission_handler_apple/ios"
  photo_manager:
    :path: ".symlinks/plugins/photo_manager/ios"
  saver_gallery:
    :path: ".symlinks/plugins/saver_gallery/ios"
  sensors_plus:
    :path: ".symlinks/plugins/sensors_plus/ios"
  share_plus:
    :path: ".symlinks/plugins/share_plus/ios"
  sqflite_darwin:
    :path: ".symlinks/plugins/sqflite_darwin/darwin"
  tflite_flutter:
    :path: ".symlinks/plugins/tflite_flutter/ios"
  url_launcher_ios:
    :path: ".symlinks/plugins/url_launcher_ios/ios"
  vibration:
    :path: ".symlinks/plugins/vibration/ios"
  video_player_avfoundation:
    :path: ".symlinks/plugins/video_player_avfoundation/darwin"
  wakelock_plus:
    :path: ".symlinks/plugins/wakelock_plus/ios"

SPEC CHECKSUMS:
  apple_vision_face: 8019c1c98bc53b43a59ca921e68ebd2abae01c29
  async_zip: 1d6a4f059b13bd0f2c60eb2e32666d33166b96bd
  camera_avfoundation: 04b44aeb14070126c6529e5ab82cc7c9fca107cf
  device_info_plus: 21fcca2080fbcd348be798aa36c3e5ed849eefbe
  DKImagePickerController: 946cec48c7873164274ecc4624d19e3da4c1ef3c
  DKPhotoGallery: b3834fecb755ee09a593d7c9e389d8b5d6deed60
  ffmpeg_kit_flutter_new: 12426a19f10ac81186c67c6ebc4717f8f4364b7f
  file_picker: a0560bc09d61de87f12d246fc47d2119e6ef37be
  file_selector_ios: f92e583d43608aebc2e4a18daac30b8902845502
  Flutter: cabc95a1d2626b1b06e7179b784ebcf0c0cde467
  flutter_email_sender: aa1e9772696691d02cd91fea829856c11efb8e58
  flutter_local_notifications: a5a732f069baa862e728d839dd2ebb904737effb
  flutter_native_splash: c32d145d68aeda5502d5f543ee38c192065986cf
  flutter_timezone: 7c838e17ffd4645d261e87037e5bebf6d38fe544
  google_mlkit_commons: 2abe6a70e1824e431d16a51085cb475b672c8aab
  google_mlkit_face_detection: 754da2113a1952f063c7c5dc347ac6ae8934fb77
  google_mlkit_pose_detection: 64eea6255886f73e8d80265f0c87ac5fb61fa7f5
  GoogleDataTransport: aae35b7ea0c09004c3797d53c8c41f66f219d6a7
  GoogleMLKit: eff9e23ec1d90ea4157a1ee2e32a4f610c5b3318
  GoogleToolboxForMac: d1a2cbf009c453f4d6ded37c105e2f67a32206d8
  GoogleUtilities: 00c88b9a86066ef77f0da2fab05f65d7768ed8e1
  GTMSessionFetcher: 5aea5ba6bd522a239e236100971f10cb71b96ab6
  heif_converter: c99800312529d736276a6a75a2115b8f43a0bad1
  image_picker_ios: 7fe1ff8e34c1790d6fff70a32484959f563a928a
  MLImage: 0ad1c5f50edd027672d8b26b0fee78a8b4a0fc56
  MLKitCommon: 07c2c33ae5640e5380beaaa6e4b9c249a205542d
  MLKitFaceDetection: 2a593db4837db503ad3426b565e7aab045cefea5
  MLKitPoseDetection: 9570bd90f18cd38c1599314785d1f70401569d94
  MLKitPoseDetectionAccurate: 2c40d53a7b8cbb67b0ca1892b221f24ef4bac1ce
  MLKitPoseDetectionCommon: b1fc630b8af919dd04bf3dd6c24cec239c0f95fd
  MLKitVision: 45e79d68845a2de77e2dd4d7f07947f0ed157b0e
  MLKitXenoCommon: ce5047943af6b4be7ae035dd81b3a56fdb29aab3
  nanopb: fad817b59e0457d11a5dfbde799381cd727c1275
  package_info_plus: af8e2ca6888548050f16fa2f1938db7b5a5df499
  path_provider_foundation: 080d55be775b7414fd5a5ef3ac137b97b097e564
  permission_handler_apple: 4ed2196e43d0651e8ff7ca3483a069d469701f2d
  photo_manager: d2fbcc0f2d82458700ee6256a15018210a81d413
  PromisesObjC: f5707f49cb48b9636751c5b2e7d227e43fba9f47
  saver_gallery: af2d0c762dafda254e0ad025ef0dabd6506cd490
  SDWebImage: 9f177d83116802728e122410fb25ad88f5c7608a
  sensors_plus: 6a11ed0c2e1d0bd0b20b4029d3bad27d96e0c65b
  share_plus: 50da8cb520a8f0f65671c6c6a99b3617ed10a58a
  sqflite_darwin: 20b2a3a3b70e43edae938624ce550a3cbf66a3d0
  SwiftyGif: 706c60cf65fa2bc5ee0313beece843c8eb8194d4
  TensorFlowLiteC: 20785a69299185a379ba9852b6625f00afd7984a
  TensorFlowLiteSwift: 3a4928286e9e35bdd3e17970f48e53c80d25e793
  tflite_flutter: 64b192e11352fe36943ab6656e1d49207f1a5595
  url_launcher_ios: 694010445543906933d732453a59da0a173ae33d
  vibration: 69774ad57825b11c951ee4c46155f455d7a592ce
  video_player_avfoundation: 2cef49524dd1f16c5300b9cd6efd9611ce03639b
  wakelock_plus: e29112ab3ef0b318e58cfa5c32326458be66b556

PODFILE CHECKSUM: b595372de811b817b6ce00a128ceea1e2e871542

COCOAPODS: 1.16.2
